
Microsoft Visual Studio Solution File, Format Version 12.00
# Visual Studio Version 17
VisualStudioVersion = 17.11.35327.3
MinimumVisualStudioVersion = 10.0.40219.1
Project("{FAE04EC0-301F-11D3-BF4B-00C04F79EFBC}") = "RaylibProGame", "RaylibProGame\RaylibProGame.csproj", "{2EB29141-C4A5-46E8-BD51-87C71A031CEA}"
EndProject
Global
	GlobalSection(SolutionConfigurationPlatforms) = preSolution
		Debug|Any CPU = Debug|Any CPU
		Release|Any CPU = Release|Any CPU
	EndGlobalSection
	GlobalSection(ProjectConfigurationPlatforms) = postSolution
		{2EB29141-C4A5-46E8-BD51-87C71A031CEA}.Debug|Any CPU.ActiveCfg = Debug|Any CPU
		{2EB29141-C4A5-46E8-BD51-87C71A031CEA}.Debug|Any CPU.Build.0 = Debug|Any CPU
		{2EB29141-C4A5-46E8-BD51-87C71A031CEA}.Release|Any CPU.ActiveCfg = Release|Any CPU
		{2EB29141-C4A5-46E8-BD51-87C71A031CEA}.Release|Any CPU.Build.0 = Release|Any CPU
	EndGlobalSection
	GlobalSection(SolutionProperties) = preSolution
		HideSolutionNode = FALSE
	EndGlobalSection
	GlobalSection(ExtensibilityGlobals) = postSolution
		SolutionGuid = {49706841-24D6-42F1-AF88-EC062A26C5CD}
	EndGlobalSection
EndGlobal
